
Microsoft Visual Studio Solution File, Format Version 12.00
# Visual Studio Version 17
VisualStudioVersion = 17.10.35122.118
MinimumVisualStudioVersion = 10.0.40219.1
Project("{FAE04EC0-301F-11D3-BF4B-00C04F79EFBC}") = "TelegramBotVS2022", "TelegramBotVS2022\TelegramBotVS2022.csproj", "{9236ED97-FD12-4ED3-B58A-03507A6FA42C}"
EndProject
Global
	GlobalSection(SolutionConfigurationPlatforms) = preSolution
		Debug|Any CPU = Debug|Any CPU
		Release|Any CPU = Release|Any CPU
	EndGlobalSection
	GlobalSection(ProjectConfigurationPlatforms) = postSolution
		{9236ED97-FD12-4ED3-B58A-03507A6FA42C}.Debug|Any CPU.ActiveCfg = Debug|Any CPU
		{9236ED97-FD12-4ED3-B58A-03507A6FA42C}.Debug|Any CPU.Build.0 = Debug|Any CPU
		{9236ED97-FD12-4ED3-B58A-03507A6FA42C}.Release|Any CPU.ActiveCfg = Release|Any CPU
		{9236ED97-FD12-4ED3-B58A-03507A6FA42C}.Release|Any CPU.Build.0 = Release|Any CPU
	EndGlobalSection
	GlobalSection(SolutionProperties) = preSolution
		HideSolutionNode = FALSE
	EndGlobalSection
	GlobalSection(ExtensibilityGlobals) = postSolution
		SolutionGuid = {A54A1841-617C-448B-8B22-C8FD3A94B2AF}
	EndGlobalSection
EndGlobal
